
Microsoft Visual Studio Solution File, Format Version 12.00
# Visual Studio 15
VisualStudioVersion = 15.0.27130.2026
MinimumVisualStudioVersion = 10.0.40219.1
Project("{2150E333-8FDC-42A3-9474-1A3956D46DE8}") = "1-Rest", "1-Rest", "{ECCDF404-92C7-460F-ACFC-8D1BD39645D4}"
EndProject
Project("{2150E333-8FDC-42A3-9474-1A3956D46DE8}") = "3-Domain", "3-Domain", "{DC2AFB1C-6C88-46F7-8673-56FAA76591E0}"
EndProject
Project("{2150E333-8FDC-42A3-9474-1A3956D46DE8}") = "4-Infra", "4-Infra", "{1F73DFB3-F72F-4615-9DF0-4E2E8DF140B8}"
EndProject
Project("{2150E333-8FDC-42A3-9474-1A3956D46DE8}") = "2-Application", "2-Application", "{05140FF3-E047-44BE-90E8-D583BD721D26}"
EndProject
Project("{FAE04EC0-301F-11D3-BF4B-00C04F79EFBC}") = "Meu.Orcamento.Domain", "Meu.Orcamento.Domain\Meu.Orcamento.Domain.csproj", "{9F7A0BF5-01AF-4605-A7CE-ADA7806553E4}"
EndProject
Project("{2150E333-8FDC-42A3-9474-1A3956D46DE8}") = "4.1-Data", "4.1-Data", "{480E4ED6-23A6-46C1-AB7C-38716336168D}"
EndProject
Project("{FAE04EC0-301F-11D3-BF4B-00C04F79EFBC}") = "Meu.Orcamento.Data", "Meu.Orcamento.Data\Meu.Orcamento.Data.csproj", "{7FD4ADB6-57C2-4084-A391-1123D53B1627}"
EndProject
Project("{2150E333-8FDC-42A3-9474-1A3956D46DE8}") = "4.2-IoC", "4.2-IoC", "{6421B298-A7AC-4265-BFD9-5E3E6792E127}"
EndProject
Project("{FAE04EC0-301F-11D3-BF4B-00C04F79EFBC}") = "Meu.Orcamento.IoC", "Meu.Orcamento.IoC\Meu.Orcamento.IoC.csproj", "{33763216-25DD-4843-B3E2-B01316C9CCBB}"
EndProject
Project("{FAE04EC0-301F-11D3-BF4B-00C04F79EFBC}") = "Meu.Orcamento.Application", "Meu.Orcamento.Application\Meu.Orcamento.Application.csproj", "{9DF01682-5716-4C84-B890-92B5259358C0}"
EndProject
Project("{2150E333-8FDC-42A3-9474-1A3956D46DE8}") = "4.3-CrossCuting", "4.3-CrossCuting", "{4CBF99C2-84D4-4DF4-AD0D-90062F7688FB}"
EndProject
Project("{FAE04EC0-301F-11D3-BF4B-00C04F79EFBC}") = "Meu.Orcamento.CrossCuting", "Meu.Orcamento.CrossCuting\Meu.Orcamento.CrossCuting.csproj", "{FC60414A-E273-423A-B66C-853E04421517}"
EndProject
Project("{FAE04EC0-301F-11D3-BF4B-00C04F79EFBC}") = "Meu.Orcamento.REST", "Meu.Orcamento.REST\Meu.Orcamento.REST.csproj", "{FFB3EC2A-5DFC-45B1-9E4B-F711074277A2}"
EndProject
Project("{FAE04EC0-301F-11D3-BF4B-00C04F79EFBC}") = "Meu.Orcamento.Api", "Meu.Orcamento.Api\Meu.Orcamento.Api.csproj", "{CDC431C1-0603-4F72-A935-ED2098470877}"
EndProject
Global
	GlobalSection(SolutionConfigurationPlatforms) = preSolution
		Debug|Any CPU = Debug|Any CPU
		Release|Any CPU = Release|Any CPU
	EndGlobalSection
	GlobalSection(ProjectConfigurationPlatforms) = postSolution
		{9F7A0BF5-01AF-4605-A7CE-ADA7806553E4}.Debug|Any CPU.ActiveCfg = Debug|Any CPU
		{9F7A0BF5-01AF-4605-A7CE-ADA7806553E4}.Debug|Any CPU.Build.0 = Debug|Any CPU
		{9F7A0BF5-01AF-4605-A7CE-ADA7806553E4}.Release|Any CPU.ActiveCfg = Release|Any CPU
		{9F7A0BF5-01AF-4605-A7CE-ADA7806553E4}.Release|Any CPU.Build.0 = Release|Any CPU
		{7FD4ADB6-57C2-4084-A391-1123D53B1627}.Debug|Any CPU.ActiveCfg = Debug|Any CPU
		{7FD4ADB6-57C2-4084-A391-1123D53B1627}.Debug|Any CPU.Build.0 = Debug|Any CPU
		{7FD4ADB6-57C2-4084-A391-1123D53B1627}.Release|Any CPU.ActiveCfg = Release|Any CPU
		{7FD4ADB6-57C2-4084-A391-1123D53B1627}.Release|Any CPU.Build.0 = Release|Any CPU
		{33763216-25DD-4843-B3E2-B01316C9CCBB}.Debug|Any CPU.ActiveCfg = Debug|Any CPU
		{33763216-25DD-4843-B3E2-B01316C9CCBB}.Debug|Any CPU.Build.0 = Debug|Any CPU
		{33763216-25DD-4843-B3E2-B01316C9CCBB}.Release|Any CPU.ActiveCfg = Release|Any CPU
		{33763216-25DD-4843-B3E2-B01316C9CCBB}.Release|Any CPU.Build.0 = Release|Any CPU
		{9DF01682-5716-4C84-B890-92B5259358C0}.Debug|Any CPU.ActiveCfg = Debug|Any CPU
		{9DF01682-5716-4C84-B890-92B5259358C0}.Debug|Any CPU.Build.0 = Debug|Any CPU
		{9DF01682-5716-4C84-B890-92B5259358C0}.Release|Any CPU.ActiveCfg = Release|Any CPU
		{9DF01682-5716-4C84-B890-92B5259358C0}.Release|Any CPU.Build.0 = Release|Any CPU
		{FC60414A-E273-423A-B66C-853E04421517}.Debug|Any CPU.ActiveCfg = Debug|Any CPU
		{FC60414A-E273-423A-B66C-853E04421517}.Debug|Any CPU.Build.0 = Debug|Any CPU
		{FC60414A-E273-423A-B66C-853E04421517}.Release|Any CPU.ActiveCfg = Release|Any CPU
		{FC60414A-E273-423A-B66C-853E04421517}.Release|Any CPU.Build.0 = Release|Any CPU
		{FFB3EC2A-5DFC-45B1-9E4B-F711074277A2}.Debug|Any CPU.ActiveCfg = Debug|Any CPU
		{FFB3EC2A-5DFC-45B1-9E4B-F711074277A2}.Debug|Any CPU.Build.0 = Debug|Any CPU
		{FFB3EC2A-5DFC-45B1-9E4B-F711074277A2}.Release|Any CPU.ActiveCfg = Release|Any CPU
		{FFB3EC2A-5DFC-45B1-9E4B-F711074277A2}.Release|Any CPU.Build.0 = Release|Any CPU
		{CDC431C1-0603-4F72-A935-ED2098470877}.Debug|Any CPU.ActiveCfg = Debug|Any CPU
		{CDC431C1-0603-4F72-A935-ED2098470877}.Debug|Any CPU.Build.0 = Debug|Any CPU
		{CDC431C1-0603-4F72-A935-ED2098470877}.Release|Any CPU.ActiveCfg = Release|Any CPU
		{CDC431C1-0603-4F72-A935-ED2098470877}.Release|Any CPU.Build.0 = Release|Any CPU
	EndGlobalSection
	GlobalSection(SolutionProperties) = preSolution
		HideSolutionNode = FALSE
	EndGlobalSection
	GlobalSection(NestedProjects) = preSolution
		{9F7A0BF5-01AF-4605-A7CE-ADA7806553E4} = {DC2AFB1C-6C88-46F7-8673-56FAA76591E0}
		{480E4ED6-23A6-46C1-AB7C-38716336168D} = {1F73DFB3-F72F-4615-9DF0-4E2E8DF140B8}
		{7FD4ADB6-57C2-4084-A391-1123D53B1627} = {480E4ED6-23A6-46C1-AB7C-38716336168D}
		{6421B298-A7AC-4265-BFD9-5E3E6792E127} = {1F73DFB3-F72F-4615-9DF0-4E2E8DF140B8}
		{33763216-25DD-4843-B3E2-B01316C9CCBB} = {6421B298-A7AC-4265-BFD9-5E3E6792E127}
		{9DF01682-5716-4C84-B890-92B5259358C0} = {05140FF3-E047-44BE-90E8-D583BD721D26}
		{4CBF99C2-84D4-4DF4-AD0D-90062F7688FB} = {1F73DFB3-F72F-4615-9DF0-4E2E8DF140B8}
		{FC60414A-E273-423A-B66C-853E04421517} = {4CBF99C2-84D4-4DF4-AD0D-90062F7688FB}
		{FFB3EC2A-5DFC-45B1-9E4B-F711074277A2} = {ECCDF404-92C7-460F-ACFC-8D1BD39645D4}
		{CDC431C1-0603-4F72-A935-ED2098470877} = {ECCDF404-92C7-460F-ACFC-8D1BD39645D4}
	EndGlobalSection
	GlobalSection(ExtensibilityGlobals) = postSolution
		SolutionGuid = {6C75EFA5-CFF8-4070-96F3-6B6E04FF14DD}
	EndGlobalSection
EndGlobal
